# This file is autogenerated, do not edit; changes may be undone by the next 'dep ensure'.


[[projects]]
  digest = "1:141635a36d65611d06a05ec1d17be950e386426b6540169fe7c9476df41f6493"
  name = "github.com/cpuguy83/go-md2man"
  packages = ["md2man"]
  pruneopts = ""
  revision = "20f5889cbdc3c73dbd2862796665e7c465ade7d1"
  version = "v1.0.8"

[[projects]]
  branch = "master"
  digest = "1:a636a2f88f54756626db367330f7ce49653f20b8a893f5d8a3fd6879a212480b"
  name = "github.com/golang/mock"
  packages = ["gomock"]
  pruneopts = ""
  revision = "73dc87cad333b55a02058f4b3d872dbbafddc2b0"
  source = "github.com/golang/mock"

[[projects]]
  digest = "1:870d441fe217b8e689d7949fef6e43efbc787e50f200cb1e70dbca9204a1d6be"
  name = "github.com/inconshreveable/mousetrap"
  packages = ["."]
  pruneopts = ""
  revision = "76626ae9c91c4f2a10f34cad8ce83ea42c93bb75"
  version = "v1.0"

[[projects]]
  branch = "v2"
  digest = "1:d325fe5d73593960929d875cb3cad70505317b753a21528edad35daeed8744ed"
  name = "github.com/mozilla-services/yaml"
  packages = ["."]
  pruneopts = ""
  revision = "28ffe5d0cafbfbfa6d9cf53864018abfa4bd8f6e"

[[projects]]
  digest = "1:87dffed114a34c714199c74e15c04ecb1c332c669f63f722220a5e4e6eb2ef52"
  name = "github.com/russross/blackfriday"
  packages = ["."]
  pruneopts = ""
  revision = "d3b5b032dc8e8927d31a5071b56e14c89f045135"
  version = "v2.0.1"

[[projects]]
  digest = "1:42a59e0ee70c485f96de4a30f86f88266d50b50f918053dec798f0cb2b4b7a88"
  name = "github.com/shurcooL/sanitized_anchor_name"
  packages = ["."]
  pruneopts = ""
  revision = "7bfe4c7ecddb3666a94b053b422cdd8f5aaa3615"
  version = "v1.0.0"

[[projects]]
  digest = "1:a1403cc8a94b8d7956ee5e9694badef0e7b051af289caad1cf668331e3ffa4f6"
  name = "github.com/spf13/cobra"
  packages = [
    ".",
    "doc",
  ]
  pruneopts = ""
  revision = "ef82de70bb3f60c65fb8eebacbb2d122ef517385"
  version = "v0.0.3"

[[projects]]
  digest = "1:cbaf13cdbfef0e4734ed8a7504f57fe893d471d62a35b982bf6fb3f036449a66"
  name = "github.com/spf13/pflag"
  packages = ["."]
  pruneopts = ""
  revision = "298182f68c66c05229eb03ac171abe6e309ee79a"
  version = "v1.0.3"

[[projects]]
  digest = "1:cedccf16b71e86db87a24f8d4c70b0a855872eb967cb906a66b95de56aefbd0d"
  name = "gopkg.in/yaml.v2"
  packages = ["."]
  pruneopts = ""
  revision = "51d6538a90f86fe93ac480b35f37b2be17fef232"
  version = "v2.2.2"

[solve-meta]
  analyzer-name = "dep"
  analyzer-version = 1
  input-imports = [
    "github.com/golang/mock/gomock",
    "github.com/mozilla-services/yaml",
    "github.com/spf13/cobra",
    "github.com/spf13/cobra/doc",
  ]
  solver-name = "gps-cdcl"
  solver-version = 1
